// !$*UTF8*$!
{
	archiveVersion = 1;
	classes = {
	};
	objectVersion = 46;
	objects = {

/* Begin PBXBuildFile section */
		0A954FCB1BC094E30004E348 /* MenuViewController.swift in Sources */ = {isa = PBXBuildFile; fileRef = 0A954FCA1BC094E30004E348 /* MenuViewController.swift */; };
		0AE36C841BB928D30070BAF0 /* AppDelegate.swift in Sources */ = {isa = PBXBuildFile; fileRef = 0AE36C831BB928D30070BAF0 /* AppDelegate.swift */; };
		0AE36C891BB928D30070BAF0 /* Main.storyboard in Resources */ = {isa = PBXBuildFile; fileRef = 0AE36C871BB928D30070BAF0 /* Main.storyboard */; };
		0AE36C8B1BB928D30070BAF0 /* Assets.xcassets in Resources */ = {isa = PBXBuildFile; fileRef = 0AE36C8A1BB928D30070BAF0 /* Assets.xcassets */; };
		0AE36C8E1BB928D30070BAF0 /* LaunchScreen.storyboard in Resources */ = {isa = PBXBuildFile; fileRef = 0AE36C8C1BB928D30070BAF0 /* LaunchScreen.storyboard */; };
		0AE36C9A1BB9BD3B0070BAF0 /* TwitterClient.swift in Sources */ = {isa = PBXBuildFile; fileRef = 0AE36C991BB9BD3B0070BAF0 /* TwitterClient.swift */; };
		0AE36C9D1BB9C2210070BAF0 /* LoginViewController.swift in Sources */ = {isa = PBXBuildFile; fileRef = 0AE36C9C1BB9C2210070BAF0 /* LoginViewController.swift */; };
		0AE36CA01BB9E9CF0070BAF0 /* User.swift in Sources */ = {isa = PBXBuildFile; fileRef = 0AE36C9F1BB9E9CF0070BAF0 /* User.swift */; };
		0AE36CA21BB9E9DC0070BAF0 /* Tweet.swift in Sources */ = {isa = PBXBuildFile; fileRef = 0AE36CA11BB9E9DC0070BAF0 /* Tweet.swift */; };
		0AE36CA41BBA1D750070BAF0 /* TweetsViewController.swift in Sources */ = {isa = PBXBuildFile; fileRef = 0AE36CA31BBA1D750070BAF0 /* TweetsViewController.swift */; };
		0AE36CA71BBA26F70070BAF0 /* TweetsCell.swift in Sources */ = {isa = PBXBuildFile; fileRef = 0AE36CA61BBA26F70070BAF0 /* TweetsCell.swift */; };
		0AE36CAB1BBA4F110070BAF0 /* ComposeTweetViewController.swift in Sources */ = {isa = PBXBuildFile; fileRef = 0AE36CAA1BBA4F110070BAF0 /* ComposeTweetViewController.swift */; };
		0AE36CAD1BBA55910070BAF0 /* TweetDetailsViewController.swift in Sources */ = {isa = PBXBuildFile; fileRef = 0AE36CAC1BBA55910070BAF0 /* TweetDetailsViewController.swift */; };
		4A976FDDB0353B26498D6A6C /* libPods-MyTwitterology.a in Frameworks */ = {isa = PBXBuildFile; fileRef = 082C33E0B44F96F13EFF0CA4 /* libPods-MyTwitterology.a */; };
/* End PBXBuildFile section */

/* Begin PBXFileReference section */
		082C33E0B44F96F13EFF0CA4 /* libPods-MyTwitterology.a */ = {isa = PBXFileReference; explicitFileType = archive.ar; includeInIndex = 0; path = "libPods-MyTwitterology.a"; sourceTree = BUILT_PRODUCTS_DIR; };
		0A954FCA1BC094E30004E348 /* MenuViewController.swift */ = {isa = PBXFileReference; fileEncoding = 4; lastKnownFileType = sourcecode.swift; path = MenuViewController.swift; sourceTree = "<group>"; };
		0AE36C801BB928D30070BAF0 /* MyTwitterology.app */ = {isa = PBXFileReference; explicitFileType = wrapper.application; includeInIndex = 0; path = MyTwitterology.app; sourceTree = BUILT_PRODUCTS_DIR; };
		0AE36C831BB928D30070BAF0 /* AppDelegate.swift */ = {isa = PBXFileReference; lastKnownFileType = sourcecode.swift; path = AppDelegate.swift; sourceTree = "<group>"; };
		0AE36C881BB928D30070BAF0 /* Base */ = {isa = PBXFileReference; lastKnownFileType = file.storyboard; name = Base; path = Base.lproj/Main.storyboard; sourceTree = "<group>"; };
		0AE36C8A1BB928D30070BAF0 /* Assets.xcassets */ = {isa = PBXFileReference; lastKnownFileType = folder.assetcatalog; path = Assets.xcassets; sourceTree = "<group>"; };
		0AE36C8D1BB928D30070BAF0 /* Base */ = {isa = PBXFileReference; lastKnownFileType = file.storyboard; name = Base; path = Base.lproj/LaunchScreen.storyboard; sourceTree = "<group>"; };
		0AE36C8F1BB928D30070BAF0 /* Info.plist */ = {isa = PBXFileReference; lastKnownFileType = text.plist.xml; path = Info.plist; sourceTree = "<group>"; };
		0AE36C951BB929290070BAF0 /* MyTwitterology-Bridging-Header.h */ = {isa = PBXFileReference; lastKnownFileType = sourcecode.c.h; path = "MyTwitterology-Bridging-Header.h"; sourceTree = "<group>"; };
		0AE36C991BB9BD3B0070BAF0 /* TwitterClient.swift */ = {isa = PBXFileReference; fileEncoding = 4; lastKnownFileType = sourcecode.swift; path = TwitterClient.swift; sourceTree = "<group>"; };
		0AE36C9C1BB9C2210070BAF0 /* LoginViewController.swift */ = {isa = PBXFileReference; fileEncoding = 4; lastKnownFileType = sourcecode.swift; path = LoginViewController.swift; sourceTree = "<group>"; };
		0AE36C9F1BB9E9CF0070BAF0 /* User.swift */ = {isa = PBXFileReference; fileEncoding = 4; lastKnownFileType = sourcecode.swift; path = User.swift; sourceTree = "<group>"; };
		0AE36CA11BB9E9DC0070BAF0 /* Tweet.swift */ = {isa = PBXFileReference; fileEncoding = 4; lastKnownFileType = sourcecode.swift; path = Tweet.swift; sourceTree = "<group>"; };
		0AE36CA31BBA1D750070BAF0 /* TweetsViewController.swift */ = {isa = PBXFileReference; fileEncoding = 4; lastKnownFileType = sourcecode.swift; path = TweetsViewController.swift; sourceTree = "<group>"; };
		0AE36CA61BBA26F70070BAF0 /* TweetsCell.swift */ = {isa = PBXFileReference; fileEncoding = 4; lastKnownFileType = sourcecode.swift; path = TweetsCell.swift; sourceTree = "<group>"; };
		0AE36CAA1BBA4F110070BAF0 /* ComposeTweetViewController.swift */ = {isa = PBXFileReference; fileEncoding = 4; lastKnownFileType = sourcecode.swift; path = ComposeTweetViewController.swift; sourceTree = "<group>"; };
		0AE36CAC1BBA55910070BAF0 /* TweetDetailsViewController.swift */ = {isa = PBXFileReference; fileEncoding = 4; lastKnownFileType = sourcecode.swift; path = TweetDetailsViewController.swift; sourceTree = "<group>"; };
		DD64291425B83FD3028865B7 /* Pods-MyTwitterology.debug.xcconfig */ = {isa = PBXFileReference; includeInIndex = 1; lastKnownFileType = text.xcconfig; name = "Pods-MyTwitterology.debug.xcconfig"; path = "Pods/Target Support Files/Pods-MyTwitterology/Pods-MyTwitterology.debug.xcconfig"; sourceTree = "<group>"; };
		FF0DFED901697264CF1C570F /* Pods-MyTwitterology.release.xcconfig */ = {isa = PBXFileReference; includeInIndex = 1; lastKnownFileType = text.xcconfig; name = "Pods-MyTwitterology.release.xcconfig"; path = "Pods/Target Support Files/Pods-MyTwitterology/Pods-MyTwitterology.release.xcconfig"; sourceTree = "<group>"; };
/* End PBXFileReference section */

/* Begin PBXFrameworksBuildPhase section */
		0AE36C7D1BB928D30070BAF0 /* Frameworks */ = {
			isa = PBXFrameworksBuildPhase;
			buildActionMask = 2147483647;
			files = (
				4A976FDDB0353B26498D6A6C /* libPods-MyTwitterology.a in Frameworks */,
			);
			runOnlyForDeploymentPostprocessing = 0;
		};
/* End PBXFrameworksBuildPhase section */

/* Begin PBXGroup section */
		0AE36C771BB928D30070BAF0 = {
			isa = PBXGroup;
			children = (
				0AE36C821BB928D30070BAF0 /* MyTwitterology */,
				0AE36C811BB928D30070BAF0 /* Products */,
				6A95695DC9FCC12A6D3C80AA /* Pods */,
				A93647E6CE50F7151EC0C8A9 /* Frameworks */,
			);
			sourceTree = "<group>";
		};
		0AE36C811BB928D30070BAF0 /* Products */ = {
			isa = PBXGroup;
			children = (
				0AE36C801BB928D30070BAF0 /* MyTwitterology.app */,
			);
			name = Products;
			sourceTree = "<group>";
		};
		0AE36C821BB928D30070BAF0 /* MyTwitterology */ = {
			isa = PBXGroup;
			children = (
				0AE36CA51BBA26D40070BAF0 /* Views */,
				0AE36C9E1BB9E9AC0070BAF0 /* Models */,
				0AE36C9B1BB9C2050070BAF0 /* ViewControllers */,
				0AE36C981BB9BD1C0070BAF0 /* API */,
				0AE36C831BB928D30070BAF0 /* AppDelegate.swift */,
				0AE36C871BB928D30070BAF0 /* Main.storyboard */,
				0AE36C8A1BB928D30070BAF0 /* Assets.xcassets */,
				0AE36C8C1BB928D30070BAF0 /* LaunchScreen.storyboard */,
				0AE36C8F1BB928D30070BAF0 /* Info.plist */,
				0AE36C951BB929290070BAF0 /* MyTwitterology-Bridging-Header.h */,
			);
			path = MyTwitterology;
			sourceTree = "<group>";
		};
		0AE36C981BB9BD1C0070BAF0 /* API */ = {
			isa = PBXGroup;
			children = (
				0AE36C991BB9BD3B0070BAF0 /* TwitterClient.swift */,
			);
			name = API;
			sourceTree = "<group>";
		};
		0AE36C9B1BB9C2050070BAF0 /* ViewControllers */ = {
			isa = PBXGroup;
			children = (
				0AE36C9C1BB9C2210070BAF0 /* LoginViewController.swift */,
				0AE36CA31BBA1D750070BAF0 /* TweetsViewController.swift */,
				0AE36CAA1BBA4F110070BAF0 /* ComposeTweetViewController.swift */,
				0AE36CAC1BBA55910070BAF0 /* TweetDetailsViewController.swift */,
				0A954FCA1BC094E30004E348 /* MenuViewController.swift */,
			);
			name = ViewControllers;
			sourceTree = "<group>";
		};
		0AE36C9E1BB9E9AC0070BAF0 /* Models */ = {
			isa = PBXGroup;
			children = (
				0AE36C9F1BB9E9CF0070BAF0 /* User.swift */,
				0AE36CA11BB9E9DC0070BAF0 /* Tweet.swift */,
			);
			name = Models;
			sourceTree = "<group>";
		};
		0AE36CA51BBA26D40070BAF0 /* Views */ = {
			isa = PBXGroup;
			children = (
				0AE36CA61BBA26F70070BAF0 /* TweetsCell.swift */,
			);
			name = Views;
			sourceTree = "<group>";
		};
		6A95695DC9FCC12A6D3C80AA /* Pods */ = {
			isa = PBXGroup;
			children = (
				DD64291425B83FD3028865B7 /* Pods-MyTwitterology.debug.xcconfig */,
				FF0DFED901697264CF1C570F /* Pods-MyTwitterology.release.xcconfig */,
			);
			name = Pods;
			sourceTree = "<group>";
		};
		A93647E6CE50F7151EC0C8A9 /* Frameworks */ = {
			isa = PBXGroup;
			children = (
				082C33E0B44F96F13EFF0CA4 /* libPods-MyTwitterology.a */,
			);
			name = Frameworks;
			sourceTree = "<group>";
		};
/* End PBXGroup section */

/* Begin PBXNativeTarget section */
		0AE36C7F1BB928D30070BAF0 /* MyTwitterology */ = {
			isa = PBXNativeTarget;
			buildConfigurationList = 0AE36C921BB928D30070BAF0 /* Build configuration list for PBXNativeTarget "MyTwitterology" */;
			buildPhases = (
				A43E6B23E09D53E73CB5767A /* Check Pods Manifest.lock */,
				0AE36C7C1BB928D30070BAF0 /* Sources */,
				0AE36C7D1BB928D30070BAF0 /* Frameworks */,
				0AE36C7E1BB928D30070BAF0 /* Resources */,
				96C62595AF8D71692500CB09 /* Copy Pods Resources */,
			);
			buildRules = (
			);
			dependencies = (
			);
			name = MyTwitterology;
			productName = MyTwitterology;
			productReference = 0AE36C801BB928D30070BAF0 /* MyTwitterology.app */;
			productType = "com.apple.product-type.application";
		};
/* End PBXNativeTarget section */

/* Begin PBXProject section */
		0AE36C781BB928D30070BAF0 /* Project object */ = {
			isa = PBXProject;
			attributes = {
				LastSwiftUpdateCheck = 0710;
				LastUpgradeCheck = 0710;
				ORGANIZATIONNAME = "Saurabh Shah";
				TargetAttributes = {
					0AE36C7F1BB928D30070BAF0 = {
						CreatedOnToolsVersion = 7.1;
						DevelopmentTeam = Y2772GT9PP;
					};
				};
			};
			buildConfigurationList = 0AE36C7B1BB928D30070BAF0 /* Build configuration list for PBXProject "MyTwitterology" */;
			compatibilityVersion = "Xcode 3.2";
			developmentRegion = English;
			hasScannedForEncodings = 0;
			knownRegions = (
				en,
				Base,
			);
			mainGroup = 0AE36C771BB928D30070BAF0;
			productRefGroup = 0AE36C811BB928D30070BAF0 /* Products */;
			projectDirPath = "";
			projectRoot = "";
			targets = (
				0AE36C7F1BB928D30070BAF0 /* MyTwitterology */,
			);
		};
/* End PBXProject section */

/* Begin PBXResourcesBuildPhase section */
		0AE36C7E1BB928D30070BAF0 /* Resources */ = {
			isa = PBXResourcesBuildPhase;
			buildActionMask = 2147483647;
			files = (
				0AE36C8E1BB928D30070BAF0 /* LaunchScreen.storyboard in Resources */,
				0AE36C8B1BB928D30070BAF0 /* Assets.xcassets in Resources */,
				0AE36C891BB928D30070BAF0 /* Main.storyboard in Resources */,
			);
			runOnlyForDeploymentPostprocessing = 0;
		};
/* End PBXResourcesBuildPhase section */

/* Begin PBXShellScriptBuildPhase section */
		96C62595AF8D71692500CB09 /* Copy Pods Resources */ = {
			isa = PBXShellScriptBuildPhase;
			buildActionMask = 2147483647;
			files = (
			);
			inputPaths = (
			);
			name = "Copy Pods Resources";
			outputPaths = (
			);
			runOnlyForDeploymentPostprocessing = 0;
			shellPath = /bin/sh;
			shellScript = "\"${SRCROOT}/Pods/Target Support Files/Pods-MyTwitterology/Pods-MyTwitterology-resources.sh\"\n";
			showEnvVarsInLog = 0;
		};
		A43E6B23E09D53E73CB5767A /* Check Pods Manifest.lock */ = {
			isa = PBXShellScriptBuildPhase;
			buildActionMask = 2147483647;
			files = (
			);
			inputPaths = (
			);
			name = "Check Pods Manifest.lock";
			outputPaths = (
			);
			runOnlyForDeploymentPostprocessing = 0;
			shellPath = /bin/sh;
			shellScript = "diff \"${PODS_ROOT}/../Podfile.lock\" \"${PODS_ROOT}/Manifest.lock\" > /dev/null\nif [[ $? != 0 ]] ; then\n    cat << EOM\nerror: The sandbox is not in sync with the Podfile.lock. Run 'pod install' or update your CocoaPods installation.\nEOM\n    exit 1\nfi\n";
			showEnvVarsInLog = 0;
		};
/* End PBXShellScriptBuildPhase section */

/* Begin PBXSourcesBuildPhase section */
		0AE36C7C1BB928D30070BAF0 /* Sources */ = {
			isa = PBXSourcesBuildPhase;
			buildActionMask = 2147483647;
			files = (
				0AE36CA01BB9E9CF0070BAF0 /* User.swift in Sources */,
				0A954FCB1BC094E30004E348 /* MenuViewController.swift in Sources */,
				0AE36CA71BBA26F70070BAF0 /* TweetsCell.swift in Sources */,
				0AE36CAB1BBA4F110070BAF0 /* ComposeTweetViewController.swift in Sources */,
				0AE36CA21BB9E9DC0070BAF0 /* Tweet.swift in Sources */,
				0AE36CAD1BBA55910070BAF0 /* TweetDetailsViewController.swift in Sources */,
				0AE36CA41BBA1D750070BAF0 /* TweetsViewController.swift in Sources */,
				0AE36C9D1BB9C2210070BAF0 /* LoginViewController.swift in Sources */,
				0AE36C9A1BB9BD3B0070BAF0 /* TwitterClient.swift in Sources */,
				0AE36C841BB928D30070BAF0 /* AppDelegate.swift in Sources */,
			);
			runOnlyForDeploymentPostprocessing = 0;
		};
/* End PBXSourcesBuildPhase section */

/* Begin PBXVariantGroup section */
		0AE36C871BB928D30070BAF0 /* Main.storyboard */ = {
			isa = PBXVariantGroup;
			children = (
				0AE36C881BB928D30070BAF0 /* Base */,
			);
			name = Main.storyboard;
			sourceTree = "<group>";
		};
		0AE36C8C1BB928D30070BAF0 /* LaunchScreen.storyboard */ = {
			isa = PBXVariantGroup;
			children = (
				0AE36C8D1BB928D30070BAF0 /* Base */,
			);
			name = LaunchScreen.storyboard;
			sourceTree = "<group>";
		};
/* End PBXVariantGroup section */

/* Begin XCBuildConfiguration section */
		0AE36C901BB928D30070BAF0 /* Debug */ = {
			isa = XCBuildConfiguration;
			buildSettings = {
				ALWAYS_SEARCH_USER_PATHS = NO;
				CLANG_CXX_LANGUAGE_STANDARD = "gnu++0x";
				CLANG_CXX_LIBRARY = "libc++";
				CLANG_ENABLE_MODULES = YES;
				CLANG_ENABLE_OBJC_ARC = YES;
				CLANG_WARN_BOOL_CONVERSION = YES;
				CLANG_WARN_CONSTANT_CONVERSION = YES;
				CLANG_WARN_DIRECT_OBJC_ISA_USAGE = YES_ERROR;
				CLANG_WARN_EMPTY_BODY = YES;
				CLANG_WARN_ENUM_CONVERSION = YES;
				CLANG_WARN_INT_CONVERSION = YES;
				CLANG_WARN_OBJC_ROOT_CLASS = YES_ERROR;
				CLANG_WARN_UNREACHABLE_CODE = YES;
				CLANG_WARN__DUPLICATE_METHOD_MATCH = YES;
				"CODE_SIGN_IDENTITY[sdk=iphoneos*]" = "iPhone Developer";
				COPY_PHASE_STRIP = NO;
				DEBUG_INFORMATION_FORMAT = dwarf;
				ENABLE_STRICT_OBJC_MSGSEND = YES;
				ENABLE_TESTABILITY = YES;
				GCC_C_LANGUAGE_STANDARD = gnu99;
				GCC_DYNAMIC_NO_PIC = NO;
				GCC_NO_COMMON_BLOCKS = YES;
				GCC_OPTIMIZATION_LEVEL = 0;
				GCC_PREPROCESSOR_DEFINITIONS = (
					"DEBUG=1",
					"$(inherited)",
				);
				GCC_WARN_64_TO_32_BIT_CONVERSION = YES;
				GCC_WARN_ABOUT_RETURN_TYPE = YES_ERROR;
				GCC_WARN_UNDECLARED_SELECTOR = YES;
				GCC_WARN_UNINITIALIZED_AUTOS = YES_AGGRESSIVE;
				GCC_WARN_UNUSED_FUNCTION = YES;
				GCC_WARN_UNUSED_VARIABLE = YES;
				IPHONEOS_DEPLOYMENT_TARGET = 9.1;
				MTL_ENABLE_DEBUG_INFO = YES;
				ONLY_ACTIVE_ARCH = YES;
				SDKROOT = iphoneos;
				SWIFT_OPTIMIZATION_LEVEL = "-Onone";
			};
			name = Debug;
		};
		0AE36C911BB928D30070BAF0 /* Release */ = {
			isa = XCBuildConfiguration;
			buildSettings = {
				ALWAYS_SEARCH_USER_PATHS = NO;
				CLANG_CXX_LANGUAGE_STANDARD = "gnu++0x";
				CLANG_CXX_LIBRARY = "libc++";
				CLANG_ENABLE_MODULES = YES;
				CLANG_ENABLE_OBJC_ARC = YES;
				CLANG_WARN_BOOL_CONVERSION = YES;
				CLANG_WARN_CONSTANT_CONVERSION = YES;
				CLANG_WARN_DIRECT_OBJC_ISA_USAGE = YES_ERROR;
				CLANG_WARN_EMPTY_BODY = YES;
				CLANG_WARN_ENUM_CONVERSION = YES;
				CLANG_WARN_INT_CONVERSION = YES;
				CLANG_WARN_OBJC_ROOT_CLASS = YES_ERROR;
				CLANG_WARN_UNREACHABLE_CODE = YES;
				CLANG_WARN__DUPLICATE_METHOD_MATCH = YES;
				"CODE_SIGN_IDENTITY[sdk=iphoneos*]" = "iPhone Developer";
				COPY_PHASE_STRIP = NO;
				DEBUG_INFORMATION_FORMAT = "dwarf-with-dsym";
				ENABLE_NS_ASSERTIONS = NO;
				ENABLE_STRICT_OBJC_MSGSEND = YES;
				GCC_C_LANGUAGE_STANDARD = gnu99;
				GCC_NO_COMMON_BLOCKS = YES;
				GCC_WARN_64_TO_32_BIT_CONVERSION = YES;
				GCC_WARN_ABOUT_RETURN_TYPE = YES_ERROR;
				GCC_WARN_UNDECLARED_SELECTOR = YES;
				GCC_WARN_UNINITIALIZED_AUTOS = YES_AGGRESSIVE;
				GCC_WARN_UNUSED_FUNCTION = YES;
				GCC_WARN_UNUSED_VARIABLE = YES;
				IPHONEOS_DEPLOYMENT_TARGET = 9.1;
				MTL_ENABLE_DEBUG_INFO = NO;
				SDKROOT = iphoneos;
				VALIDATE_PRODUCT = YES;
			};
			name = Release;
		};
		0AE36C931BB928D30070BAF0 /* Debug */ = {
			isa = XCBuildConfiguration;
			baseConfigurationReference = DD64291425B83FD3028865B7 /* Pods-MyTwitterology.debug.xcconfig */;
			buildSettings = {
				ASSETCATALOG_COMPILER_APPICON_NAME = AppIcon;
				CLANG_ENABLE_MODULES = YES;
				INFOPLIST_FILE = MyTwitterology/Info.plist;
				LD_RUNPATH_SEARCH_PATHS = "$(inherited) @executable_path/Frameworks";
				PRODUCT_BUNDLE_IDENTIFIER = com.codepathclass.MyTwitterology;
				PRODUCT_NAME = "$(TARGET_NAME)";
				SWIFT_OBJC_BRIDGING_HEADER = "MyTwitterology/MyTwitterology-Bridging-Header.h";
				SWIFT_OPTIMIZATION_LEVEL = "-Onone";
			};
			name = Debug;
		};
		0AE36C941BB928D30070BAF0 /* Release */ = {
			isa = XCBuildConfiguration;
			baseConfigurationReference = FF0DFED901697264CF1C570F /* Pods-MyTwitterology.release.xcconfig */;
			buildSettings = {
				ASSETCATALOG_COMPILER_APPICON_NAME = AppIcon;
				CLANG_ENABLE_MODULES = YES;
				INFOPLIST_FILE = MyTwitterology/Info.plist;
				LD_RUNPATH_SEARCH_PATHS = "$(inherited) @executable_path/Frameworks";
				PRODUCT_BUNDLE_IDENTIFIER = com.codepathclass.MyTwitterology;
				PRODUCT_NAME = "$(TARGET_NAME)";
				SWIFT_OBJC_BRIDGING_HEADER = "MyTwitterology/MyTwitterology-Bridging-Header.h";
			};
			name = Release;
		};
/* End XCBuildConfiguration section */

/* Begin XCConfigurationList section */
		0AE36C7B1BB928D30070BAF0 /* Build configuration list for PBXProject "MyTwitterology" */ = {
			isa = XCConfigurationList;
			buildConfigurations = (
				0AE36C901BB928D30070BAF0 /* Debug */,
				0AE36C911BB928D30070BAF0 /* Release */,
			);
			defaultConfigurationIsVisible = 0;
			defaultConfigurationName = Release;
		};
		0AE36C921BB928D30070BAF0 /* Build configuration list for PBXNativeTarget "MyTwitterology" */ = {
			isa = XCConfigurationList;
			buildConfigurations = (
				0AE36C931BB928D30070BAF0 /* Debug */,
				0AE36C941BB928D30070BAF0 /* Release */,
			);
			defaultConfigurationIsVisible = 0;
			defaultConfigurationName = Release;
		};
/* End XCConfigurationList section */
	};
	rootObject = 0AE36C781BB928D30070BAF0 /* Project object */;
}
